
Microsoft Visual Studio Solution File, Format Version 12.00
# Visual Studio Version 16
VisualStudioVersion = 16.0.31702.278
MinimumVisualStudioVersion = 10.0.40219.1
Project("{FAE04EC0-301F-11D3-BF4B-00C04F79EFBC}") = "Task1_6", "Task1_6\Task1_6.csproj", "{98BBBF90-92C4-4159-A46D-D9C322790F0A}"
EndProject
Global
	GlobalSection(SolutionConfigurationPlatforms) = preSolution
		Debug|Any CPU = Debug|Any CPU
		Release|Any CPU = Release|Any CPU
	EndGlobalSection
	GlobalSection(ProjectConfigurationPlatforms) = postSolution
		{98BBBF90-92C4-4159-A46D-D9C322790F0A}.Debug|Any CPU.ActiveCfg = Debug|Any CPU
		{98BBBF90-92C4-4159-A46D-D9C322790F0A}.Debug|Any CPU.Build.0 = Debug|Any CPU
		{98BBBF90-92C4-4159-A46D-D9C322790F0A}.Release|Any CPU.ActiveCfg = Release|Any CPU
		{98BBBF90-92C4-4159-A46D-D9C322790F0A}.Release|Any CPU.Build.0 = Release|Any CPU
	EndGlobalSection
	GlobalSection(SolutionProperties) = preSolution
		HideSolutionNode = FALSE
	EndGlobalSection
	GlobalSection(ExtensibilityGlobals) = postSolution
		SolutionGuid = {CBCFA9E1-5615-41DE-9394-BB3A4CF0AC7D}
	EndGlobalSection
EndGlobal
